
Microsoft Visual Studio Solution File, Format Version 12.00
# Visual Studio 15
VisualStudioVersion = 15.0.28307.271
MinimumVisualStudioVersion = 10.0.40219.1
Project("{FAE04EC0-301F-11D3-BF4B-00C04F79EFBC}") = "ExcelExportTms", "ExcelExportTms\ExcelExportTms.csproj", "{1A642BBC-A07F-4167-9C29-FC16C260BB3E}"
EndProject
Global
	GlobalSection(SolutionConfigurationPlatforms) = preSolution
		Debug|x86 = Debug|x86
		Release|x86 = Release|x86
	EndGlobalSection
	GlobalSection(ProjectConfigurationPlatforms) = postSolution
		{1A642BBC-A07F-4167-9C29-FC16C260BB3E}.Debug|x86.ActiveCfg = Debug|x86
		{1A642BBC-A07F-4167-9C29-FC16C260BB3E}.Debug|x86.Build.0 = Debug|x86
		{1A642BBC-A07F-4167-9C29-FC16C260BB3E}.Release|x86.ActiveCfg = Release|x86
		{1A642BBC-A07F-4167-9C29-FC16C260BB3E}.Release|x86.Build.0 = Release|x86
	EndGlobalSection
	GlobalSection(SolutionProperties) = preSolution
		HideSolutionNode = FALSE
	EndGlobalSection
	GlobalSection(ExtensibilityGlobals) = postSolution
		SolutionGuid = {54139DB4-1D94-4B75-B232-9A99B37592EB}
	EndGlobalSection
EndGlobal
